
Microsoft Visual Studio Solution File, Format Version 12.00
# Visual Studio 14
VisualStudioVersion = 14.0.25420.1
MinimumVisualStudioVersion = 10.0.40219.1
Project("{FAE04EC0-301F-11D3-BF4B-00C04F79EFBC}") = "EasyReportService", "EasyReportService\EasyReportService.csproj", "{9AA395FB-494F-4A53-9746-E08E658FEE5B}"
EndProject
Project("{FAE04EC0-301F-11D3-BF4B-00C04F79EFBC}") = "EasyReportServiceTests", "EasyReportServiceTests\EasyReportServiceTests.csproj", "{72C1B97E-28B2-4919-95A8-73A99EE2700E}"
EndProject
Global
	GlobalSection(SolutionConfigurationPlatforms) = preSolution
		Debug|Any CPU = Debug|Any CPU
		Release|Any CPU = Release|Any CPU
	EndGlobalSection
	GlobalSection(ProjectConfigurationPlatforms) = postSolution
		{9AA395FB-494F-4A53-9746-E08E658FEE5B}.Debug|Any CPU.ActiveCfg = Debug|Any CPU
		{9AA395FB-494F-4A53-9746-E08E658FEE5B}.Debug|Any CPU.Build.0 = Debug|Any CPU
		{9AA395FB-494F-4A53-9746-E08E658FEE5B}.Release|Any CPU.ActiveCfg = Release|Any CPU
		{9AA395FB-494F-4A53-9746-E08E658FEE5B}.Release|Any CPU.Build.0 = Release|Any CPU
		{72C1B97E-28B2-4919-95A8-73A99EE2700E}.Debug|Any CPU.ActiveCfg = Debug|Any CPU
		{72C1B97E-28B2-4919-95A8-73A99EE2700E}.Debug|Any CPU.Build.0 = Debug|Any CPU
		{72C1B97E-28B2-4919-95A8-73A99EE2700E}.Release|Any CPU.ActiveCfg = Release|Any CPU
		{72C1B97E-28B2-4919-95A8-73A99EE2700E}.Release|Any CPU.Build.0 = Release|Any CPU
	EndGlobalSection
	GlobalSection(SolutionProperties) = preSolution
		HideSolutionNode = FALSE
	EndGlobalSection
EndGlobal
